// !$*UTF8*$!
{
	archiveVersion = 1;
	classes = {
	};
	objectVersion = 55;
	objects = {

/* Begin PBXBuildFile section */
		1F28C07B2B4BFFC2006E0A0F /* SignUpViewController.swift in Sources */ = {isa = PBXBuildFile; fileRef = 1F28C07A2B4BFFC2006E0A0F /* SignUpViewController.swift */; };
		1F3ABB802B4D0E69008E73FC /* GoogleService-Info.plist in Resources */ = {isa = PBXBuildFile; fileRef = 1F3ABB7F2B4D0E69008E73FC /* GoogleService-Info.plist */; };
		1F4A09282B47E91900A857BE /* AppDelegate.swift in Sources */ = {isa = PBXBuildFile; fileRef = 1F4A09272B47E91900A857BE /* AppDelegate.swift */; };
		1F4A092A2B47E91900A857BE /* SceneDelegate.swift in Sources */ = {isa = PBXBuildFile; fileRef = 1F4A09292B47E91900A857BE /* SceneDelegate.swift */; };
		1F4A092C2B47E91900A857BE /* WelcomeViewController.swift in Sources */ = {isa = PBXBuildFile; fileRef = 1F4A092B2B47E91900A857BE /* WelcomeViewController.swift */; };
		1F4A092F2B47E91900A857BE /* Main.storyboard in Resources */ = {isa = PBXBuildFile; fileRef = 1F4A092D2B47E91900A857BE /* Main.storyboard */; };
		1F4A09312B47E91C00A857BE /* Assets.xcassets in Resources */ = {isa = PBXBuildFile; fileRef = 1F4A09302B47E91C00A857BE /* Assets.xcassets */; };
		1F4A09342B47E91C00A857BE /* LaunchScreen.storyboard in Resources */ = {isa = PBXBuildFile; fileRef = 1F4A09322B47E91C00A857BE /* LaunchScreen.storyboard */; };
		1F4A093C2B47F2CC00A857BE /* Extension.swift in Sources */ = {isa = PBXBuildFile; fileRef = 1F4A093B2B47F2CC00A857BE /* Extension.swift */; };
		1F82D55D2B4BCA8000B887A1 /* SignInViewController.swift in Sources */ = {isa = PBXBuildFile; fileRef = 1F82D55C2B4BCA7F00B887A1 /* SignInViewController.swift */; };
		1F9A16182B4FE6EA0052808F /* UpdateProfileViewController.swift in Sources */ = {isa = PBXBuildFile; fileRef = 1F9A16172B4FE6EA0052808F /* UpdateProfileViewController.swift */; };
		1FD4D1EE2B4FC82C001653A0 /* test.swift in Sources */ = {isa = PBXBuildFile; fileRef = 1FD4D1ED2B4FC82C001653A0 /* test.swift */; };
		1FD4D1F02B4FD620001653A0 /* Struct.swift in Sources */ = {isa = PBXBuildFile; fileRef = 1FD4D1EF2B4FD620001653A0 /* Struct.swift */; };
		1FF7FBC92B4E953000AE6D68 /* ForgetPasswordViewController.swift in Sources */ = {isa = PBXBuildFile; fileRef = 1FF7FBC82B4E953000AE6D68 /* ForgetPasswordViewController.swift */; };
		1FF7FBCB2B4EA75800AE6D68 /* EmailVerifyViewController.swift in Sources */ = {isa = PBXBuildFile; fileRef = 1FF7FBCA2B4EA75800AE6D68 /* EmailVerifyViewController.swift */; };
		1FF8648B2B4D2DF6000032F3 /* HomeViewController.swift in Sources */ = {isa = PBXBuildFile; fileRef = 1FF8648A2B4D2DF6000032F3 /* HomeViewController.swift */; };
		36A15954DEA52D1D5A992065 /* Pods_SignUpandSignInUI_05_01.framework in Frameworks */ = {isa = PBXBuildFile; fileRef = 7BEC22BB4B31B67E781843EC /* Pods_SignUpandSignInUI_05_01.framework */; };
/* End PBXBuildFile section */

/* Begin PBXFileReference section */
		1F28C07A2B4BFFC2006E0A0F /* SignUpViewController.swift */ = {isa = PBXFileReference; lastKnownFileType = sourcecode.swift; path = SignUpViewController.swift; sourceTree = "<group>"; };
		1F3ABB7F2B4D0E69008E73FC /* GoogleService-Info.plist */ = {isa = PBXFileReference; fileEncoding = 4; lastKnownFileType = text.plist.xml; name = "GoogleService-Info.plist"; path = "../../../../../Downloads/GoogleService-Info.plist"; sourceTree = "<group>"; };
		1F4A09242B47E91900A857BE /* SignUpandSignInUI_05_01.app */ = {isa = PBXFileReference; explicitFileType = wrapper.application; includeInIndex = 0; path = SignUpandSignInUI_05_01.app; sourceTree = BUILT_PRODUCTS_DIR; };
		1F4A09272B47E91900A857BE /* AppDelegate.swift */ = {isa = PBXFileReference; lastKnownFileType = sourcecode.swift; path = AppDelegate.swift; sourceTree = "<group>"; };
		1F4A09292B47E91900A857BE /* SceneDelegate.swift */ = {isa = PBXFileReference; lastKnownFileType = sourcecode.swift; path = SceneDelegate.swift; sourceTree = "<group>"; };
		1F4A092B2B47E91900A857BE /* WelcomeViewController.swift */ = {isa = PBXFileReference; lastKnownFileType = sourcecode.swift; path = WelcomeViewController.swift; sourceTree = "<group>"; };
		1F4A092E2B47E91900A857BE /* Base */ = {isa = PBXFileReference; lastKnownFileType = file.storyboard; name = Base; path = Base.lproj/Main.storyboard; sourceTree = "<group>"; };
		1F4A09302B47E91C00A857BE /* Assets.xcassets */ = {isa = PBXFileReference; lastKnownFileType = folder.assetcatalog; path = Assets.xcassets; sourceTree = "<group>"; };
		1F4A09332B47E91C00A857BE /* Base */ = {isa = PBXFileReference; lastKnownFileType = file.storyboard; name = Base; path = Base.lproj/LaunchScreen.storyboard; sourceTree = "<group>"; };
		1F4A09352B47E91C00A857BE /* Info.plist */ = {isa = PBXFileReference; lastKnownFileType = text.plist.xml; path = Info.plist; sourceTree = "<group>"; };
		1F4A093B2B47F2CC00A857BE /* Extension.swift */ = {isa = PBXFileReference; lastKnownFileType = sourcecode.swift; path = Extension.swift; sourceTree = "<group>"; };
		1F82D55C2B4BCA7F00B887A1 /* SignInViewController.swift */ = {isa = PBXFileReference; lastKnownFileType = sourcecode.swift; path = SignInViewController.swift; sourceTree = "<group>"; };
		1F87C0022B4D5226005436CA /* SignUpandSignInUI_05_01.entitlements */ = {isa = PBXFileReference; lastKnownFileType = text.plist.entitlements; path = SignUpandSignInUI_05_01.entitlements; sourceTree = "<group>"; };
		1F9A16172B4FE6EA0052808F /* UpdateProfileViewController.swift */ = {isa = PBXFileReference; lastKnownFileType = sourcecode.swift; path = UpdateProfileViewController.swift; sourceTree = "<group>"; };
		1FD4D1ED2B4FC82C001653A0 /* test.swift */ = {isa = PBXFileReference; lastKnownFileType = sourcecode.swift; path = test.swift; sourceTree = "<group>"; };
		1FD4D1EF2B4FD620001653A0 /* Struct.swift */ = {isa = PBXFileReference; lastKnownFileType = sourcecode.swift; path = Struct.swift; sourceTree = "<group>"; };
		1FF7FBC82B4E953000AE6D68 /* ForgetPasswordViewController.swift */ = {isa = PBXFileReference; lastKnownFileType = sourcecode.swift; path = ForgetPasswordViewController.swift; sourceTree = "<group>"; };
		1FF7FBCA2B4EA75800AE6D68 /* EmailVerifyViewController.swift */ = {isa = PBXFileReference; lastKnownFileType = sourcecode.swift; path = EmailVerifyViewController.swift; sourceTree = "<group>"; };
		1FF8648A2B4D2DF6000032F3 /* HomeViewController.swift */ = {isa = PBXFileReference; lastKnownFileType = sourcecode.swift; path = HomeViewController.swift; sourceTree = "<group>"; };
		22059D28227DF0B40C40877E /* Pods-SignUpandSignInUI_05_01.debug.xcconfig */ = {isa = PBXFileReference; includeInIndex = 1; lastKnownFileType = text.xcconfig; name = "Pods-SignUpandSignInUI_05_01.debug.xcconfig"; path = "Target Support Files/Pods-SignUpandSignInUI_05_01/Pods-SignUpandSignInUI_05_01.debug.xcconfig"; sourceTree = "<group>"; };
		7BEC22BB4B31B67E781843EC /* Pods_SignUpandSignInUI_05_01.framework */ = {isa = PBXFileReference; explicitFileType = wrapper.framework; includeInIndex = 0; path = Pods_SignUpandSignInUI_05_01.framework; sourceTree = BUILT_PRODUCTS_DIR; };
		B397817A211DFBB65CEA5F6B /* Pods-SignUpandSignInUI_05_01.release.xcconfig */ = {isa = PBXFileReference; includeInIndex = 1; lastKnownFileType = text.xcconfig; name = "Pods-SignUpandSignInUI_05_01.release.xcconfig"; path = "Target Support Files/Pods-SignUpandSignInUI_05_01/Pods-SignUpandSignInUI_05_01.release.xcconfig"; sourceTree = "<group>"; };
/* End PBXFileReference section */

/* Begin PBXFrameworksBuildPhase section */
		1F4A09212B47E91900A857BE /* Frameworks */ = {
			isa = PBXFrameworksBuildPhase;
			buildActionMask = 2147483647;
			files = (
				36A15954DEA52D1D5A992065 /* Pods_SignUpandSignInUI_05_01.framework in Frameworks */,
			);
			runOnlyForDeploymentPostprocessing = 0;
		};
/* End PBXFrameworksBuildPhase section */

/* Begin PBXGroup section */
		1F4A091B2B47E91900A857BE = {
			isa = PBXGroup;
			children = (
				1F4A09262B47E91900A857BE /* SignUpandSignInUI_05_01 */,
				1F4A09252B47E91900A857BE /* Products */,
				67824EA521397EE99D766938 /* Pods */,
				F434721D5BCF808925FE7E04 /* Frameworks */,
			);
			sourceTree = "<group>";
		};
		1F4A09252B47E91900A857BE /* Products */ = {
			isa = PBXGroup;
			children = (
				1F4A09242B47E91900A857BE /* SignUpandSignInUI_05_01.app */,
			);
			name = Products;
			sourceTree = "<group>";
		};
		1F4A09262B47E91900A857BE /* SignUpandSignInUI_05_01 */ = {
			isa = PBXGroup;
			children = (
				1F3ABB7F2B4D0E69008E73FC /* GoogleService-Info.plist */,
				1F87C0022B4D5226005436CA /* SignUpandSignInUI_05_01.entitlements */,
				1FF7FBCE2B4EA80800AE6D68 /* Controller */,
				1FF7FBCD2B4EA7D200AE6D68 /* Model */,
				1FF7FBCC2B4EA79C00AE6D68 /* View */,
				1F4A09272B47E91900A857BE /* AppDelegate.swift */,
				1F4A09292B47E91900A857BE /* SceneDelegate.swift */,
				1F4A09302B47E91C00A857BE /* Assets.xcassets */,
				1F4A09352B47E91C00A857BE /* Info.plist */,
			);
			path = SignUpandSignInUI_05_01;
			sourceTree = "<group>";
		};
		1FF7FBCC2B4EA79C00AE6D68 /* View */ = {
			isa = PBXGroup;
			children = (
				1F4A092D2B47E91900A857BE /* Main.storyboard */,
				1F4A09322B47E91C00A857BE /* LaunchScreen.storyboard */,
			);
			path = View;
			sourceTree = "<group>";
		};
		1FF7FBCD2B4EA7D200AE6D68 /* Model */ = {
			isa = PBXGroup;
			children = (
				1F4A093B2B47F2CC00A857BE /* Extension.swift */,
				1FD4D1ED2B4FC82C001653A0 /* test.swift */,
				1FD4D1EF2B4FD620001653A0 /* Struct.swift */,
			);
			path = Model;
			sourceTree = "<group>";
		};
		1FF7FBCE2B4EA80800AE6D68 /* Controller */ = {
			isa = PBXGroup;
			children = (
				1FF7FBC82B4E953000AE6D68 /* ForgetPasswordViewController.swift */,
				1F82D55C2B4BCA7F00B887A1 /* SignInViewController.swift */,
				1FF8648A2B4D2DF6000032F3 /* HomeViewController.swift */,
				1F28C07A2B4BFFC2006E0A0F /* SignUpViewController.swift */,
				1F4A092B2B47E91900A857BE /* WelcomeViewController.swift */,
				1FF7FBCA2B4EA75800AE6D68 /* EmailVerifyViewController.swift */,
				1F9A16172B4FE6EA0052808F /* UpdateProfileViewController.swift */,
			);
			path = Controller;
			sourceTree = "<group>";
		};
		67824EA521397EE99D766938 /* Pods */ = {
			isa = PBXGroup;
			children = (
				22059D28227DF0B40C40877E /* Pods-SignUpandSignInUI_05_01.debug.xcconfig */,
				B397817A211DFBB65CEA5F6B /* Pods-SignUpandSignInUI_05_01.release.xcconfig */,
			);
			path = Pods;
			sourceTree = "<group>";
		};
		F434721D5BCF808925FE7E04 /* Frameworks */ = {
			isa = PBXGroup;
			children = (
				7BEC22BB4B31B67E781843EC /* Pods_SignUpandSignInUI_05_01.framework */,
			);
			name = Frameworks;
			sourceTree = "<group>";
		};
/* End PBXGroup section */

/* Begin PBXNativeTarget section */
		1F4A09232B47E91900A857BE /* SignUpandSignInUI_05_01 */ = {
			isa = PBXNativeTarget;
			buildConfigurationList = 1F4A09382B47E91C00A857BE /* Build configuration list for PBXNativeTarget "SignUpandSignInUI_05_01" */;
			buildPhases = (
				A64AD1D988160C4863BFCE22 /* [CP] Check Pods Manifest.lock */,
				1F4A09202B47E91900A857BE /* Sources */,
				1F4A09212B47E91900A857BE /* Frameworks */,
				1F4A09222B47E91900A857BE /* Resources */,
				255003A0A6DE4C8C8E499899 /* [CP] Embed Pods Frameworks */,
			);
			buildRules = (
			);
			dependencies = (
			);
			name = SignUpandSignInUI_05_01;
			productName = SignUpandSignInUI_05_01;
			productReference = 1F4A09242B47E91900A857BE /* SignUpandSignInUI_05_01.app */;
			productType = "com.apple.product-type.application";
		};
/* End PBXNativeTarget section */

/* Begin PBXProject section */
		1F4A091C2B47E91900A857BE /* Project object */ = {
			isa = PBXProject;
			attributes = {
				BuildIndependentTargetsInParallel = 1;
				LastSwiftUpdateCheck = 1300;
				LastUpgradeCheck = 1300;
				TargetAttributes = {
					1F4A09232B47E91900A857BE = {
						CreatedOnToolsVersion = 13.0;
					};
				};
			};
			buildConfigurationList = 1F4A091F2B47E91900A857BE /* Build configuration list for PBXProject "SignUpandSignInUI_05_01" */;
			compatibilityVersion = "Xcode 13.0";
			developmentRegion = en;
			hasScannedForEncodings = 0;
			knownRegions = (
				en,
				Base,
			);
			mainGroup = 1F4A091B2B47E91900A857BE;
			productRefGroup = 1F4A09252B47E91900A857BE /* Products */;
			projectDirPath = "";
			projectRoot = "";
			targets = (
				1F4A09232B47E91900A857BE /* SignUpandSignInUI_05_01 */,
			);
		};
/* End PBXProject section */

/* Begin PBXResourcesBuildPhase section */
		1F4A09222B47E91900A857BE /* Resources */ = {
			isa = PBXResourcesBuildPhase;
			buildActionMask = 2147483647;
			files = (
				1F4A09342B47E91C00A857BE /* LaunchScreen.storyboard in Resources */,
				1F3ABB802B4D0E69008E73FC /* GoogleService-Info.plist in Resources */,
				1F4A09312B47E91C00A857BE /* Assets.xcassets in Resources */,
				1F4A092F2B47E91900A857BE /* Main.storyboard in Resources */,
			);
			runOnlyForDeploymentPostprocessing = 0;
		};
/* End PBXResourcesBuildPhase section */

/* Begin PBXShellScriptBuildPhase section */
		255003A0A6DE4C8C8E499899 /* [CP] Embed Pods Frameworks */ = {
			isa = PBXShellScriptBuildPhase;
			buildActionMask = 2147483647;
			files = (
			);
			inputFileListPaths = (
				"${PODS_ROOT}/Target Support Files/Pods-SignUpandSignInUI_05_01/Pods-SignUpandSignInUI_05_01-frameworks-${CONFIGURATION}-input-files.xcfilelist",
			);
			name = "[CP] Embed Pods Frameworks";
			outputFileListPaths = (
				"${PODS_ROOT}/Target Support Files/Pods-SignUpandSignInUI_05_01/Pods-SignUpandSignInUI_05_01-frameworks-${CONFIGURATION}-output-files.xcfilelist",
			);
			runOnlyForDeploymentPostprocessing = 0;
			shellPath = /bin/sh;
			shellScript = "\"${PODS_ROOT}/Target Support Files/Pods-SignUpandSignInUI_05_01/Pods-SignUpandSignInUI_05_01-frameworks.sh\"\n";
			showEnvVarsInLog = 0;
		};
		A64AD1D988160C4863BFCE22 /* [CP] Check Pods Manifest.lock */ = {
			isa = PBXShellScriptBuildPhase;
			buildActionMask = 2147483647;
			files = (
			);
			inputFileListPaths = (
			);
			inputPaths = (
				"${PODS_PODFILE_DIR_PATH}/Podfile.lock",
				"${PODS_ROOT}/Manifest.lock",
			);
			name = "[CP] Check Pods Manifest.lock";
			outputFileListPaths = (
			);
			outputPaths = (
				"$(DERIVED_FILE_DIR)/Pods-SignUpandSignInUI_05_01-checkManifestLockResult.txt",
			);
			runOnlyForDeploymentPostprocessing = 0;
			shellPath = /bin/sh;
			shellScript = "diff \"${PODS_PODFILE_DIR_PATH}/Podfile.lock\" \"${PODS_ROOT}/Manifest.lock\" > /dev/null\nif [ $? != 0 ] ; then\n    # print error to STDERR\n    echo \"error: The sandbox is not in sync with the Podfile.lock. Run 'pod install' or update your CocoaPods installation.\" >&2\n    exit 1\nfi\n# This output is used by Xcode 'outputs' to avoid re-running this script phase.\necho \"SUCCESS\" > \"${SCRIPT_OUTPUT_FILE_0}\"\n";
			showEnvVarsInLog = 0;
		};
/* End PBXShellScriptBuildPhase section */

/* Begin PBXSourcesBuildPhase section */
		1F4A09202B47E91900A857BE /* Sources */ = {
			isa = PBXSourcesBuildPhase;
			buildActionMask = 2147483647;
			files = (
				1F28C07B2B4BFFC2006E0A0F /* SignUpViewController.swift in Sources */,
				1F4A092C2B47E91900A857BE /* WelcomeViewController.swift in Sources */,
				1F4A09282B47E91900A857BE /* AppDelegate.swift in Sources */,
				1F4A092A2B47E91900A857BE /* SceneDelegate.swift in Sources */,
				1FF7FBC92B4E953000AE6D68 /* ForgetPasswordViewController.swift in Sources */,
				1F82D55D2B4BCA8000B887A1 /* SignInViewController.swift in Sources */,
				1FF8648B2B4D2DF6000032F3 /* HomeViewController.swift in Sources */,
				1FF7FBCB2B4EA75800AE6D68 /* EmailVerifyViewController.swift in Sources */,
				1F4A093C2B47F2CC00A857BE /* Extension.swift in Sources */,
				1F9A16182B4FE6EA0052808F /* UpdateProfileViewController.swift in Sources */,
				1FD4D1EE2B4FC82C001653A0 /* test.swift in Sources */,
				1FD4D1F02B4FD620001653A0 /* Struct.swift in Sources */,
			);
			runOnlyForDeploymentPostprocessing = 0;
		};
/* End PBXSourcesBuildPhase section */

/* Begin PBXVariantGroup section */
		1F4A092D2B47E91900A857BE /* Main.storyboard */ = {
			isa = PBXVariantGroup;
			children = (
				1F4A092E2B47E91900A857BE /* Base */,
			);
			name = Main.storyboard;
			sourceTree = "<group>";
		};
		1F4A09322B47E91C00A857BE /* LaunchScreen.storyboard */ = {
			isa = PBXVariantGroup;
			children = (
				1F4A09332B47E91C00A857BE /* Base */,
			);
			name = LaunchScreen.storyboard;
			sourceTree = "<group>";
		};
/* End PBXVariantGroup section */

/* Begin XCBuildConfiguration section */
		1F4A09362B47E91C00A857BE /* Debug */ = {
			isa = XCBuildConfiguration;
			buildSettings = {
				ALWAYS_SEARCH_USER_PATHS = NO;
				CLANG_ANALYZER_NONNULL = YES;
				CLANG_ANALYZER_NUMBER_OBJECT_CONVERSION = YES_AGGRESSIVE;
				CLANG_CXX_LANGUAGE_STANDARD = "gnu++17";
				CLANG_CXX_LIBRARY = "libc++";
				CLANG_ENABLE_MODULES = YES;
				CLANG_ENABLE_OBJC_ARC = YES;
				CLANG_ENABLE_OBJC_WEAK = YES;
				CLANG_WARN_BLOCK_CAPTURE_AUTORELEASING = YES;
				CLANG_WARN_BOOL_CONVERSION = YES;
				CLANG_WARN_COMMA = YES;
				CLANG_WARN_CONSTANT_CONVERSION = YES;
				CLANG_WARN_DEPRECATED_OBJC_IMPLEMENTATIONS = YES;
				CLANG_WARN_DIRECT_OBJC_ISA_USAGE = YES_ERROR;
				CLANG_WARN_DOCUMENTATION_COMMENTS = YES;
				CLANG_WARN_EMPTY_BODY = YES;
				CLANG_WARN_ENUM_CONVERSION = YES;
				CLANG_WARN_INFINITE_RECURSION = YES;
				CLANG_WARN_INT_CONVERSION = YES;
				CLANG_WARN_NON_LITERAL_NULL_CONVERSION = YES;
				CLANG_WARN_OBJC_IMPLICIT_RETAIN_SELF = YES;
				CLANG_WARN_OBJC_LITERAL_CONVERSION = YES;
				CLANG_WARN_OBJC_ROOT_CLASS = YES_ERROR;
				CLANG_WARN_QUOTED_INCLUDE_IN_FRAMEWORK_HEADER = YES;
				CLANG_WARN_RANGE_LOOP_ANALYSIS = YES;
				CLANG_WARN_STRICT_PROTOTYPES = YES;
				CLANG_WARN_SUSPICIOUS_MOVE = YES;
				CLANG_WARN_UNGUARDED_AVAILABILITY = YES_AGGRESSIVE;
				CLANG_WARN_UNREACHABLE_CODE = YES;
				CLANG_WARN__DUPLICATE_METHOD_MATCH = YES;
				COPY_PHASE_STRIP = NO;
				DEBUG_INFORMATION_FORMAT = dwarf;
				ENABLE_STRICT_OBJC_MSGSEND = YES;
				ENABLE_TESTABILITY = YES;
				GCC_C_LANGUAGE_STANDARD = gnu11;
				GCC_DYNAMIC_NO_PIC = NO;
				GCC_NO_COMMON_BLOCKS = YES;
				GCC_OPTIMIZATION_LEVEL = 0;
				GCC_PREPROCESSOR_DEFINITIONS = (
					"DEBUG=1",
					"$(inherited)",
				);
				GCC_WARN_64_TO_32_BIT_CONVERSION = YES;
				GCC_WARN_ABOUT_RETURN_TYPE = YES_ERROR;
				GCC_WARN_UNDECLARED_SELECTOR = YES;
				GCC_WARN_UNINITIALIZED_AUTOS = YES_AGGRESSIVE;
				GCC_WARN_UNUSED_FUNCTION = YES;
				GCC_WARN_UNUSED_VARIABLE = YES;
				IPHONEOS_DEPLOYMENT_TARGET = 15.0;
				MTL_ENABLE_DEBUG_INFO = INCLUDE_SOURCE;
				MTL_FAST_MATH = YES;
				ONLY_ACTIVE_ARCH = YES;
				SDKROOT = iphoneos;
				SWIFT_ACTIVE_COMPILATION_CONDITIONS = DEBUG;
				SWIFT_OPTIMIZATION_LEVEL = "-Onone";
			};
			name = Debug;
		};
		1F4A09372B47E91C00A857BE /* Release */ = {
			isa = XCBuildConfiguration;
			buildSettings = {
				ALWAYS_SEARCH_USER_PATHS = NO;
				CLANG_ANALYZER_NONNULL = YES;
				CLANG_ANALYZER_NUMBER_OBJECT_CONVERSION = YES_AGGRESSIVE;
				CLANG_CXX_LANGUAGE_STANDARD = "gnu++17";
				CLANG_CXX_LIBRARY = "libc++";
				CLANG_ENABLE_MODULES = YES;
				CLANG_ENABLE_OBJC_ARC = YES;
				CLANG_ENABLE_OBJC_WEAK = YES;
				CLANG_WARN_BLOCK_CAPTURE_AUTORELEASING = YES;
				CLANG_WARN_BOOL_CONVERSION = YES;
				CLANG_WARN_COMMA = YES;
				CLANG_WARN_CONSTANT_CONVERSION = YES;
				CLANG_WARN_DEPRECATED_OBJC_IMPLEMENTATIONS = YES;
				CLANG_WARN_DIRECT_OBJC_ISA_USAGE = YES_ERROR;
				CLANG_WARN_DOCUMENTATION_COMMENTS = YES;
				CLANG_WARN_EMPTY_BODY = YES;
				CLANG_WARN_ENUM_CONVERSION = YES;
				CLANG_WARN_INFINITE_RECURSION = YES;
				CLANG_WARN_INT_CONVERSION = YES;
				CLANG_WARN_NON_LITERAL_NULL_CONVERSION = YES;
				CLANG_WARN_OBJC_IMPLICIT_RETAIN_SELF = YES;
				CLANG_WARN_OBJC_LITERAL_CONVERSION = YES;
				CLANG_WARN_OBJC_ROOT_CLASS = YES_ERROR;
				CLANG_WARN_QUOTED_INCLUDE_IN_FRAMEWORK_HEADER = YES;
				CLANG_WARN_RANGE_LOOP_ANALYSIS = YES;
				CLANG_WARN_STRICT_PROTOTYPES = YES;
				CLANG_WARN_SUSPICIOUS_MOVE = YES;
				CLANG_WARN_UNGUARDED_AVAILABILITY = YES_AGGRESSIVE;
				CLANG_WARN_UNREACHABLE_CODE = YES;
				CLANG_WARN__DUPLICATE_METHOD_MATCH = YES;
				COPY_PHASE_STRIP = NO;
				DEBUG_INFORMATION_FORMAT = "dwarf-with-dsym";
				ENABLE_NS_ASSERTIONS = NO;
				ENABLE_STRICT_OBJC_MSGSEND = YES;
				GCC_C_LANGUAGE_STANDARD = gnu11;
				GCC_NO_COMMON_BLOCKS = YES;
				GCC_WARN_64_TO_32_BIT_CONVERSION = YES;
				GCC_WARN_ABOUT_RETURN_TYPE = YES_ERROR;
				GCC_WARN_UNDECLARED_SELECTOR = YES;
				GCC_WARN_UNINITIALIZED_AUTOS = YES_AGGRESSIVE;
				GCC_WARN_UNUSED_FUNCTION = YES;
				GCC_WARN_UNUSED_VARIABLE = YES;
				IPHONEOS_DEPLOYMENT_TARGET = 15.0;
				MTL_ENABLE_DEBUG_INFO = NO;
				MTL_FAST_MATH = YES;
				SDKROOT = iphoneos;
				SWIFT_COMPILATION_MODE = wholemodule;
				SWIFT_OPTIMIZATION_LEVEL = "-O";
				VALIDATE_PRODUCT = YES;
			};
			name = Release;
		};
		1F4A09392B47E91C00A857BE /* Debug */ = {
			isa = XCBuildConfiguration;
			baseConfigurationReference = 22059D28227DF0B40C40877E /* Pods-SignUpandSignInUI_05_01.debug.xcconfig */;
			buildSettings = {
				ASSETCATALOG_COMPILER_APPICON_NAME = AppIcon;
				ASSETCATALOG_COMPILER_GLOBAL_ACCENT_COLOR_NAME = AccentColor;
				CODE_SIGN_ENTITLEMENTS = SignUpandSignInUI_05_01/SignUpandSignInUI_05_01.entitlements;
				CODE_SIGN_STYLE = Automatic;
				CURRENT_PROJECT_VERSION = 1;
				GENERATE_INFOPLIST_FILE = YES;
				INFOPLIST_FILE = SignUpandSignInUI_05_01/Info.plist;
				INFOPLIST_KEY_CFBundleDisplayName = Learning;
				INFOPLIST_KEY_UIApplicationSupportsIndirectInputEvents = YES;
				INFOPLIST_KEY_UILaunchStoryboardName = LaunchScreen;
				INFOPLIST_KEY_UIMainStoryboardFile = Main;
				INFOPLIST_KEY_UISupportedInterfaceOrientations_iPad = "UIInterfaceOrientationPortrait UIInterfaceOrientationPortraitUpsideDown UIInterfaceOrientationLandscapeLeft UIInterfaceOrientationLandscapeRight";
				INFOPLIST_KEY_UISupportedInterfaceOrientations_iPhone = "UIInterfaceOrientationPortrait UIInterfaceOrientationLandscapeLeft UIInterfaceOrientationLandscapeRight";
				LD_RUNPATH_SEARCH_PATHS = (
					"$(inherited)",
					"@executable_path/Frameworks",
				);
				MARKETING_VERSION = 1.0;
				PRODUCT_BUNDLE_IDENTIFIER = com.login.app;
				PRODUCT_NAME = "$(TARGET_NAME)";
				SWIFT_EMIT_LOC_STRINGS = YES;
				SWIFT_VERSION = 5.0;
				TARGETED_DEVICE_FAMILY = "1,2";
			};
			name = Debug;
		};
		1F4A093A2B47E91C00A857BE /* Release */ = {
			isa = XCBuildConfiguration;
			baseConfigurationReference = B397817A211DFBB65CEA5F6B /* Pods-SignUpandSignInUI_05_01.release.xcconfig */;
			buildSettings = {
				ASSETCATALOG_COMPILER_APPICON_NAME = AppIcon;
				ASSETCATALOG_COMPILER_GLOBAL_ACCENT_COLOR_NAME = AccentColor;
				CODE_SIGN_ENTITLEMENTS = SignUpandSignInUI_05_01/SignUpandSignInUI_05_01.entitlements;
				CODE_SIGN_STYLE = Automatic;
				CURRENT_PROJECT_VERSION = 1;
				GENERATE_INFOPLIST_FILE = YES;
				INFOPLIST_FILE = SignUpandSignInUI_05_01/Info.plist;
				INFOPLIST_KEY_CFBundleDisplayName = Learning;
				INFOPLIST_KEY_UIApplicationSupportsIndirectInputEvents = YES;
				INFOPLIST_KEY_UILaunchStoryboardName = LaunchScreen;
				INFOPLIST_KEY_UIMainStoryboardFile = Main;
				INFOPLIST_KEY_UISupportedInterfaceOrientations_iPad = "UIInterfaceOrientationPortrait UIInterfaceOrientationPortraitUpsideDown UIInterfaceOrientationLandscapeLeft UIInterfaceOrientationLandscapeRight";
				INFOPLIST_KEY_UISupportedInterfaceOrientations_iPhone = "UIInterfaceOrientationPortrait UIInterfaceOrientationLandscapeLeft UIInterfaceOrientationLandscapeRight";
				LD_RUNPATH_SEARCH_PATHS = (
					"$(inherited)",
					"@executable_path/Frameworks",
				);
				MARKETING_VERSION = 1.0;
				PRODUCT_BUNDLE_IDENTIFIER = com.login.app;
				PRODUCT_NAME = "$(TARGET_NAME)";
				SWIFT_EMIT_LOC_STRINGS = YES;
				SWIFT_VERSION = 5.0;
				TARGETED_DEVICE_FAMILY = "1,2";
			};
			name = Release;
		};
/* End XCBuildConfiguration section */

/* Begin XCConfigurationList section */
		1F4A091F2B47E91900A857BE /* Build configuration list for PBXProject "SignUpandSignInUI_05_01" */ = {
			isa = XCConfigurationList;
			buildConfigurations = (
				1F4A09362B47E91C00A857BE /* Debug */,
				1F4A09372B47E91C00A857BE /* Release */,
			);
			defaultConfigurationIsVisible = 0;
			defaultConfigurationName = Release;
		};
		1F4A09382B47E91C00A857BE /* Build configuration list for PBXNativeTarget "SignUpandSignInUI_05_01" */ = {
			isa = XCConfigurationList;
			buildConfigurations = (
				1F4A09392B47E91C00A857BE /* Debug */,
				1F4A093A2B47E91C00A857BE /* Release */,
			);
			defaultConfigurationIsVisible = 0;
			defaultConfigurationName = Release;
		};
/* End XCConfigurationList section */
	};
	rootObject = 1F4A091C2B47E91900A857BE /* Project object */;
}
